// !$*UTF8*$!
{
	archiveVersion = 1;
	classes = {
	};
	objectVersion = 63;
	objects = {

/* Begin PBXBuildFile section */
		1350542115AE72857E3CF9E7 /* IMUGNSSPhoneApp.swift in Sources */ = {isa = PBXBuildFile; fileRef = 71F862D1F149E3C83E1B4EBB /* IMUGNSSPhoneApp.swift */; };
		4CCF0F4865CBA60204B3146A /* Assets.xcassets in Resources */ = {isa = PBXBuildFile; fileRef = 41CE6DB2282095B66DEC3E6C /* Assets.xcassets */; };
		7496886A034B347A00F684DB /* ekf.c in Sources */ = {isa = PBXBuildFile; fileRef = 43D0758BD064926A5418FD4A /* ekf.c */; };
		92082A405A90911B711698B0 /* SensorStore.swift in Sources */ = {isa = PBXBuildFile; fileRef = 69016EA42814D5CD9B35E7B6 /* SensorStore.swift */; };
		BBCB9BEE6962CF14A29237C9 /* ContentView.swift in Sources */ = {isa = PBXBuildFile; fileRef = 064866943C3B066A4F4483B6 /* ContentView.swift */; };
/* End PBXBuildFile section */

/* Begin PBXFileReference section */
		064866943C3B066A4F4483B6 /* ContentView.swift */ = {isa = PBXFileReference; lastKnownFileType = sourcecode.swift; path = ContentView.swift; sourceTree = "<group>"; };
		41CE6DB2282095B66DEC3E6C /* Assets.xcassets */ = {isa = PBXFileReference; lastKnownFileType = folder.assetcatalog; path = Assets.xcassets; sourceTree = "<group>"; };
		43D0758BD064926A5418FD4A /* ekf.c */ = {isa = PBXFileReference; lastKnownFileType = sourcecode.c.c; path = ekf.c; sourceTree = "<group>"; };
		69016EA42814D5CD9B35E7B6 /* SensorStore.swift */ = {isa = PBXFileReference; lastKnownFileType = sourcecode.swift; path = SensorStore.swift; sourceTree = "<group>"; };
		71F862D1F149E3C83E1B4EBB /* IMUGNSSPhoneApp.swift */ = {isa = PBXFileReference; lastKnownFileType = sourcecode.swift; path = IMUGNSSPhoneApp.swift; sourceTree = "<group>"; };
		A509E6299C597B39FA74E9B6 /* Info.plist */ = {isa = PBXFileReference; lastKnownFileType = text.plist; path = Info.plist; sourceTree = "<group>"; };
		E6386F87275B56D1FB856B99 /* IMUGNSSPhone-Bridging-Header.h */ = {isa = PBXFileReference; lastKnownFileType = sourcecode.c.h; path = "IMUGNSSPhone-Bridging-Header.h"; sourceTree = "<group>"; };
		E69330CEE244184E9EC347F0 /* IMUGNSSPhone.app */ = {isa = PBXFileReference; explicitFileType = wrapper.application; includeInIndex = 0; path = IMUGNSSPhone.app; sourceTree = BUILT_PRODUCTS_DIR; };
		F4680ECD94FD08D5957F62CC /* ekf.h */ = {isa = PBXFileReference; lastKnownFileType = sourcecode.c.h; path = ekf.h; sourceTree = "<group>"; };
/* End PBXFileReference section */

/* Begin PBXGroup section */
		3D123017F8574D4004D95142 /* App */ = {
			isa = PBXGroup;
			children = (
				41CE6DB2282095B66DEC3E6C /* Assets.xcassets */,
				064866943C3B066A4F4483B6 /* ContentView.swift */,
				E6386F87275B56D1FB856B99 /* IMUGNSSPhone-Bridging-Header.h */,
				71F862D1F149E3C83E1B4EBB /* IMUGNSSPhoneApp.swift */,
				A509E6299C597B39FA74E9B6 /* Info.plist */,
				69016EA42814D5CD9B35E7B6 /* SensorStore.swift */,
				F70A40E825E9D6BE8D70E6DB /* EKF */,
			);
			path = App;
			sourceTree = "<group>";
		};
		435FAD823F0854C31859B699 /* Products */ = {
			isa = PBXGroup;
			children = (
				E69330CEE244184E9EC347F0 /* IMUGNSSPhone.app */,
			);
			name = Products;
			sourceTree = "<group>";
		};
		A23724E3B0D669BDBDDA6A10 = {
			isa = PBXGroup;
			children = (
				3D123017F8574D4004D95142 /* App */,
				435FAD823F0854C31859B699 /* Products */,
			);
			sourceTree = "<group>";
		};
		F70A40E825E9D6BE8D70E6DB /* EKF */ = {
			isa = PBXGroup;
			children = (
				43D0758BD064926A5418FD4A /* ekf.c */,
				F4680ECD94FD08D5957F62CC /* ekf.h */,
			);
			path = EKF;
			sourceTree = "<group>";
		};
/* End PBXGroup section */

/* Begin PBXNativeTarget section */
		330B20CADF834FF5F463822C /* IMUGNSSPhone */ = {
			isa = PBXNativeTarget;
			buildConfigurationList = C315E3C80B5F7BB5E3068177 /* Build configuration list for PBXNativeTarget "IMUGNSSPhone" */;
			buildPhases = (
				CA9758FA25E7F6314B087DA9 /* Sources */,
				706E49D467CFBBC6BA7A469D /* Resources */,
			);
			buildRules = (
			);
			dependencies = (
			);
			name = IMUGNSSPhone;
			packageProductDependencies = (
			);
			productName = IMUGNSSPhone;
			productReference = E69330CEE244184E9EC347F0 /* IMUGNSSPhone.app */;
			productType = "com.apple.product-type.application";
		};
/* End PBXNativeTarget section */

/* Begin PBXProject section */
		C2E6CBE6BB9FEA69AADA80B9 /* Project object */ = {
			isa = PBXProject;
			attributes = {
				BuildIndependentTargetsInParallel = YES;
				LastUpgradeCheck = 1430;
			};
			buildConfigurationList = DA539E1249AD75045C7F5420 /* Build configuration list for PBXProject "IMUGNSSPhone" */;
			compatibilityVersion = "Xcode 14.0";
			developmentRegion = en;
			hasScannedForEncodings = 0;
			knownRegions = (
				Base,
				en,
			);
			mainGroup = A23724E3B0D669BDBDDA6A10;
			minimizedProjectReferenceProxies = 1;
			projectDirPath = "";
			projectRoot = "";
			targets = (
				330B20CADF834FF5F463822C /* IMUGNSSPhone */,
			);
		};
/* End PBXProject section */

/* Begin PBXResourcesBuildPhase section */
		706E49D467CFBBC6BA7A469D /* Resources */ = {
			isa = PBXResourcesBuildPhase;
			buildActionMask = 2147483647;
			files = (
				4CCF0F4865CBA60204B3146A /* Assets.xcassets in Resources */,
			);
			runOnlyForDeploymentPostprocessing = 0;
		};
/* End PBXResourcesBuildPhase section */

/* Begin PBXSourcesBuildPhase section */
		CA9758FA25E7F6314B087DA9 /* Sources */ = {
			isa = PBXSourcesBuildPhase;
			buildActionMask = 2147483647;
			files = (
				BBCB9BEE6962CF14A29237C9 /* ContentView.swift in Sources */,
				1350542115AE72857E3CF9E7 /* IMUGNSSPhoneApp.swift in Sources */,
				92082A405A90911B711698B0 /* SensorStore.swift in Sources */,
				7496886A034B347A00F684DB /* ekf.c in Sources */,
			);
			runOnlyForDeploymentPostprocessing = 0;
		};
/* End PBXSourcesBuildPhase section */

/* Begin XCBuildConfiguration section */
		366261E1614C50365B20974E /* Release */ = {
			isa = XCBuildConfiguration;
			buildSettings = {
				ALWAYS_SEARCH_USER_PATHS = NO;
				CLANG_ANALYZER_NONNULL = YES;
				CLANG_ANALYZER_NUMBER_OBJECT_CONVERSION = YES_AGGRESSIVE;
				CLANG_CXX_LANGUAGE_STANDARD = "gnu++14";
				CLANG_CXX_LIBRARY = "libc++";
				CLANG_ENABLE_MODULES = YES;
				CLANG_ENABLE_OBJC_ARC = YES;
				CLANG_ENABLE_OBJC_WEAK = YES;
				CLANG_WARN_BLOCK_CAPTURE_AUTORELEASING = YES;
				CLANG_WARN_BOOL_CONVERSION = YES;
				CLANG_WARN_COMMA = YES;
				CLANG_WARN_CONSTANT_CONVERSION = YES;
				CLANG_WARN_DEPRECATED_OBJC_IMPLEMENTATIONS = YES;
				CLANG_WARN_DIRECT_OBJC_ISA_USAGE = YES_ERROR;
				CLANG_WARN_DOCUMENTATION_COMMENTS = YES;
				CLANG_WARN_EMPTY_BODY = YES;
				CLANG_WARN_ENUM_CONVERSION = YES;
				CLANG_WARN_INFINITE_RECURSION = YES;
				CLANG_WARN_INT_CONVERSION = YES;
				CLANG_WARN_NON_LITERAL_NULL_CONVERSION = YES;
				CLANG_WARN_OBJC_IMPLICIT_RETAIN_SELF = YES;
				CLANG_WARN_OBJC_LITERAL_CONVERSION = YES;
				CLANG_WARN_OBJC_ROOT_CLASS = YES_ERROR;
				CLANG_WARN_QUOTED_INCLUDE_IN_FRAMEWORK_HEADER = YES;
				CLANG_WARN_RANGE_LOOP_ANALYSIS = YES;
				CLANG_WARN_STRICT_PROTOTYPES = YES;
				CLANG_WARN_SUSPICIOUS_MOVE = YES;
				CLANG_WARN_UNGUARDED_AVAILABILITY = YES_AGGRESSIVE;
				CLANG_WARN_UNREACHABLE_CODE = YES;
				CLANG_WARN__DUPLICATE_METHOD_MATCH = YES;
				COPY_PHASE_STRIP = NO;
				CURRENT_PROJECT_VERSION = 1;
				DEBUG_INFORMATION_FORMAT = "dwarf-with-dsym";
				ENABLE_NS_ASSERTIONS = NO;
				ENABLE_STRICT_OBJC_MSGSEND = YES;
				GCC_C_LANGUAGE_STANDARD = gnu11;
				GCC_NO_COMMON_BLOCKS = YES;
				GCC_WARN_64_TO_32_BIT_CONVERSION = YES;
				GCC_WARN_ABOUT_RETURN_TYPE = YES_ERROR;
				GCC_WARN_UNDECLARED_SELECTOR = YES;
				GCC_WARN_UNINITIALIZED_AUTOS = YES_AGGRESSIVE;
				GCC_WARN_UNUSED_FUNCTION = YES;
				GCC_WARN_UNUSED_VARIABLE = YES;
				IPHONEOS_DEPLOYMENT_TARGET = 16.0;
				MARKETING_VERSION = 0.1.0;
				MTL_ENABLE_DEBUG_INFO = NO;
				MTL_FAST_MATH = YES;
				PRODUCT_BUNDLE_IDENTIFIER = com.ykshin.ekf.imugnssphone;
				PRODUCT_NAME = "$(TARGET_NAME)";
				SDKROOT = iphoneos;
				SWIFT_COMPILATION_MODE = wholemodule;
				SWIFT_OPTIMIZATION_LEVEL = "-O";
				SWIFT_VERSION = 5.0;
			};
			name = Release;
		};
		4FFE93CA07285C9BB0A78D1F /* Debug */ = {
			isa = XCBuildConfiguration;
			buildSettings = {
				ASSETCATALOG_COMPILER_APPICON_NAME = AppIcon;
				CODE_SIGN_IDENTITY = "iPhone Developer";
				DEVELOPMENT_TEAM = WWT2Q26LY9;
				INFOPLIST_FILE = App/Info.plist;
				LD_RUNPATH_SEARCH_PATHS = (
					"$(inherited)",
					"@executable_path/Frameworks",
				);
				SDKROOT = iphoneos;
				SWIFT_OBJC_BRIDGING_HEADER = "App/IMUGNSSPhone-Bridging-Header.h";
				TARGETED_DEVICE_FAMILY = "1,2";
			};
			name = Debug;
		};
		74EF59B7A50BFD02791E59E1 /* Debug */ = {
			isa = XCBuildConfiguration;
			buildSettings = {
				ALWAYS_SEARCH_USER_PATHS = NO;
				CLANG_ANALYZER_NONNULL = YES;
				CLANG_ANALYZER_NUMBER_OBJECT_CONVERSION = YES_AGGRESSIVE;
				CLANG_CXX_LANGUAGE_STANDARD = "gnu++14";
				CLANG_CXX_LIBRARY = "libc++";
				CLANG_ENABLE_MODULES = YES;
				CLANG_ENABLE_OBJC_ARC = YES;
				CLANG_ENABLE_OBJC_WEAK = YES;
				CLANG_WARN_BLOCK_CAPTURE_AUTORELEASING = YES;
				CLANG_WARN_BOOL_CONVERSION = YES;
				CLANG_WARN_COMMA = YES;
				CLANG_WARN_CONSTANT_CONVERSION = YES;
				CLANG_WARN_DEPRECATED_OBJC_IMPLEMENTATIONS = YES;
				CLANG_WARN_DIRECT_OBJC_ISA_USAGE = YES_ERROR;
				CLANG_WARN_DOCUMENTATION_COMMENTS = YES;
				CLANG_WARN_EMPTY_BODY = YES;
				CLANG_WARN_ENUM_CONVERSION = YES;
				CLANG_WARN_INFINITE_RECURSION = YES;
				CLANG_WARN_INT_CONVERSION = YES;
				CLANG_WARN_NON_LITERAL_NULL_CONVERSION = YES;
				CLANG_WARN_OBJC_IMPLICIT_RETAIN_SELF = YES;
				CLANG_WARN_OBJC_LITERAL_CONVERSION = YES;
				CLANG_WARN_OBJC_ROOT_CLASS = YES_ERROR;
				CLANG_WARN_QUOTED_INCLUDE_IN_FRAMEWORK_HEADER = YES;
				CLANG_WARN_RANGE_LOOP_ANALYSIS = YES;
				CLANG_WARN_STRICT_PROTOTYPES = YES;
				CLANG_WARN_SUSPICIOUS_MOVE = YES;
				CLANG_WARN_UNGUARDED_AVAILABILITY = YES_AGGRESSIVE;
				CLANG_WARN_UNREACHABLE_CODE = YES;
				CLANG_WARN__DUPLICATE_METHOD_MATCH = YES;
				COPY_PHASE_STRIP = NO;
				CURRENT_PROJECT_VERSION = 1;
				DEBUG_INFORMATION_FORMAT = dwarf;
				ENABLE_STRICT_OBJC_MSGSEND = YES;
				ENABLE_TESTABILITY = YES;
				GCC_C_LANGUAGE_STANDARD = gnu11;
				GCC_DYNAMIC_NO_PIC = NO;
				GCC_NO_COMMON_BLOCKS = YES;
				GCC_OPTIMIZATION_LEVEL = 0;
				GCC_PREPROCESSOR_DEFINITIONS = (
					"$(inherited)",
					"DEBUG=1",
				);
				GCC_WARN_64_TO_32_BIT_CONVERSION = YES;
				GCC_WARN_ABOUT_RETURN_TYPE = YES_ERROR;
				GCC_WARN_UNDECLARED_SELECTOR = YES;
				GCC_WARN_UNINITIALIZED_AUTOS = YES_AGGRESSIVE;
				GCC_WARN_UNUSED_FUNCTION = YES;
				GCC_WARN_UNUSED_VARIABLE = YES;
				IPHONEOS_DEPLOYMENT_TARGET = 16.0;
				MARKETING_VERSION = 0.1.0;
				MTL_ENABLE_DEBUG_INFO = INCLUDE_SOURCE;
				MTL_FAST_MATH = YES;
				ONLY_ACTIVE_ARCH = YES;
				PRODUCT_BUNDLE_IDENTIFIER = com.ykshin.ekf.imugnssphone;
				PRODUCT_NAME = "$(TARGET_NAME)";
				SDKROOT = iphoneos;
				SWIFT_ACTIVE_COMPILATION_CONDITIONS = DEBUG;
				SWIFT_OPTIMIZATION_LEVEL = "-Onone";
				SWIFT_VERSION = 5.0;
			};
			name = Debug;
		};
		C03B7CAB2143DECBD3715088 /* Release */ = {
			isa = XCBuildConfiguration;
			buildSettings = {
				ASSETCATALOG_COMPILER_APPICON_NAME = AppIcon;
				CODE_SIGN_IDENTITY = "iPhone Developer";
				DEVELOPMENT_TEAM = WWT2Q26LY9;
				INFOPLIST_FILE = App/Info.plist;
				LD_RUNPATH_SEARCH_PATHS = (
					"$(inherited)",
					"@executable_path/Frameworks",
				);
				SDKROOT = iphoneos;
				SWIFT_OBJC_BRIDGING_HEADER = "App/IMUGNSSPhone-Bridging-Header.h";
				TARGETED_DEVICE_FAMILY = "1,2";
			};
			name = Release;
		};
/* End XCBuildConfiguration section */

/* Begin XCConfigurationList section */
		C315E3C80B5F7BB5E3068177 /* Build configuration list for PBXNativeTarget "IMUGNSSPhone" */ = {
			isa = XCConfigurationList;
			buildConfigurations = (
				4FFE93CA07285C9BB0A78D1F /* Debug */,
				C03B7CAB2143DECBD3715088 /* Release */,
			);
			defaultConfigurationIsVisible = 0;
			defaultConfigurationName = Debug;
		};
		DA539E1249AD75045C7F5420 /* Build configuration list for PBXProject "IMUGNSSPhone" */ = {
			isa = XCConfigurationList;
			buildConfigurations = (
				74EF59B7A50BFD02791E59E1 /* Debug */,
				366261E1614C50365B20974E /* Release */,
			);
			defaultConfigurationIsVisible = 0;
			defaultConfigurationName = Debug;
		};
/* End XCConfigurationList section */
	};
	rootObject = C2E6CBE6BB9FEA69AADA80B9 /* Project object */;
}
